// !$*UTF8*$!
{
	archiveVersion = 1;
	classes = {
	};
	objectVersion = 46;
	objects = {

/* Begin PBXBuildFile section */
		6C27386416BE17240064F722 /* HomeViewController.m in Sources */ = {isa = PBXBuildFile; fileRef = 6C27386216BE17240064F722 /* HomeViewController.m */; };
		6C27386516BE17240064F722 /* HomeViewController.xib in Resources */ = {isa = PBXBuildFile; fileRef = 6C27386316BE17240064F722 /* HomeViewController.xib */; };
		6C27389116BE311B0064F722 /* flower.fsh in Resources */ = {isa = PBXBuildFile; fileRef = 6C27388116BE2ECB0064F722 /* flower.fsh */; };
		6C27389216BE311B0064F722 /* julia.fsh in Resources */ = {isa = PBXBuildFile; fileRef = 6C27388216BE2ECB0064F722 /* julia.fsh */; };
		6C27389316BE311B0064F722 /* ray_ball.fsh in Resources */ = {isa = PBXBuildFile; fileRef = 6C27388316BE2ECB0064F722 /* ray_ball.fsh */; };
		6C27389416BE311B0064F722 /* raytrace.fsh in Resources */ = {isa = PBXBuildFile; fileRef = 6C27388416BE2ECB0064F722 /* raytrace.fsh */; };
		6C27389516BE311B0064F722 /* simple.fsh in Resources */ = {isa = PBXBuildFile; fileRef = 6C27388716BE2ECB0064F722 /* simple.fsh */; };
		6C27389616BE311B0064F722 /* vision.fsh in Resources */ = {isa = PBXBuildFile; fileRef = 6C27388816BE2ECB0064F722 /* vision.fsh */; };
		6C2738AD16BE35B50064F722 /* NSAlert+MKNetworkKitAdditions.m in Sources */ = {isa = PBXBuildFile; fileRef = 6C27389A16BE35B50064F722 /* NSAlert+MKNetworkKitAdditions.m */; };
		6C2738AE16BE35B50064F722 /* NSData+MKBase64.m in Sources */ = {isa = PBXBuildFile; fileRef = 6C27389C16BE35B50064F722 /* NSData+MKBase64.m */; };
		6C2738AF16BE35B50064F722 /* NSDate+RFC1123.m in Sources */ = {isa = PBXBuildFile; fileRef = 6C27389E16BE35B50064F722 /* NSDate+RFC1123.m */; };
		6C2738B016BE35B50064F722 /* NSDictionary+RequestEncoding.m in Sources */ = {isa = PBXBuildFile; fileRef = 6C2738A016BE35B50064F722 /* NSDictionary+RequestEncoding.m */; };
		6C2738B116BE35B50064F722 /* NSString+MKNetworkKitAdditions.m in Sources */ = {isa = PBXBuildFile; fileRef = 6C2738A216BE35B50064F722 /* NSString+MKNetworkKitAdditions.m */; };
		6C2738B216BE35B50064F722 /* UIAlertView+MKNetworkKitAdditions.m in Sources */ = {isa = PBXBuildFile; fileRef = 6C2738A416BE35B50064F722 /* UIAlertView+MKNetworkKitAdditions.m */; };
		6C2738B316BE35B50064F722 /* MKNetworkEngine.m in Sources */ = {isa = PBXBuildFile; fileRef = 6C2738A616BE35B50064F722 /* MKNetworkEngine.m */; };
		6C2738B416BE35B50064F722 /* MKNetworkOperation.m in Sources */ = {isa = PBXBuildFile; fileRef = 6C2738A916BE35B50064F722 /* MKNetworkOperation.m */; };
		6C2738B516BE35B50064F722 /* Reachability.m in Sources */ = {isa = PBXBuildFile; fileRef = 6C2738AC16BE35B50064F722 /* Reachability.m */; };
		6C2738BB16BE35E90064F722 /* goBackItem.png in Resources */ = {isa = PBXBuildFile; fileRef = 6C2738B716BE35E90064F722 /* goBackItem.png */; };
		6C2738BC16BE35E90064F722 /* goBackItem@2x.png in Resources */ = {isa = PBXBuildFile; fileRef = 6C2738B816BE35E90064F722 /* goBackItem@2x.png */; };
		6C2738BD16BE35E90064F722 /* goForwardItem.png in Resources */ = {isa = PBXBuildFile; fileRef = 6C2738B916BE35E90064F722 /* goForwardItem.png */; };
		6C2738BE16BE35E90064F722 /* goForwardItem@2x.png in Resources */ = {isa = PBXBuildFile; fileRef = 6C2738BA16BE35E90064F722 /* goForwardItem@2x.png */; };
		6C2738C416BE360B0064F722 /* MyUtil.m in Sources */ = {isa = PBXBuildFile; fileRef = 6C2738C116BE360B0064F722 /* MyUtil.m */; };
		6C2738C516BE360B0064F722 /* NetDataPost.m in Sources */ = {isa = PBXBuildFile; fileRef = 6C2738C316BE360B0064F722 /* NetDataPost.m */; };
		6C2738C916BE36250064F722 /* User.m in Sources */ = {isa = PBXBuildFile; fileRef = 6C2738C816BE36250064F722 /* User.m */; };
		6C2738CB16BE367F0064F722 /* Security.framework in Frameworks */ = {isa = PBXBuildFile; fileRef = 6C2738CA16BE367F0064F722 /* Security.framework */; };
		6C2738CF16BE379F0064F722 /* Encryption.m in Sources */ = {isa = PBXBuildFile; fileRef = 6C2738CE16BE379F0064F722 /* Encryption.m */; };
		6C2738D116BE386C0064F722 /* Default-568h@2x.png in Resources */ = {isa = PBXBuildFile; fileRef = 6C2738D016BE386B0064F722 /* Default-568h@2x.png */; };
		6C2738D316BE390B0064F722 /* SystemConfiguration.framework in Frameworks */ = {isa = PBXBuildFile; fileRef = 6C2738D216BE390B0064F722 /* SystemConfiguration.framework */; };
		6C2738D516BE39250064F722 /* CFNetwork.framework in Frameworks */ = {isa = PBXBuildFile; fileRef = 6C2738D416BE39250064F722 /* CFNetwork.framework */; };
		6C2738DA16BE4A5D0064F722 /* monjori.fsh in Resources */ = {isa = PBXBuildFile; fileRef = 6C2738D616BE47F10064F722 /* monjori.fsh */; };
		6C2738DB16BE4A5D0064F722 /* test.fsh in Resources */ = {isa = PBXBuildFile; fileRef = 6C2738D816BE49C70064F722 /* test.fsh */; };
		6C76FB2E16BE7BCB000BD900 /* OpenGLView.m in Sources */ = {isa = PBXBuildFile; fileRef = 6C76FB2C16BE7BCB000BD900 /* OpenGLView.m */; };
		6C76FB3116BE86D7000BD900 /* QuartzCore.framework in Frameworks */ = {isa = PBXBuildFile; fileRef = 6C76FB3016BE86D7000BD900 /* QuartzCore.framework */; };
		6C87EEB516BE96BB0001D341 /* readme.txt in Resources */ = {isa = PBXBuildFile; fileRef = 6C87EEB416BE96BB0001D341 /* readme.txt */; };
		6C87EEB816BE98100001D341 /* SimpleOpenGLView.m in Sources */ = {isa = PBXBuildFile; fileRef = 6C87EEB716BE98100001D341 /* SimpleOpenGLView.m */; };
		6CAA21F31678A797009BB691 /* UIKit.framework in Frameworks */ = {isa = PBXBuildFile; fileRef = 6CAA21F21678A797009BB691 /* UIKit.framework */; };
		6CAA21F51678A797009BB691 /* Foundation.framework in Frameworks */ = {isa = PBXBuildFile; fileRef = 6CAA21F41678A797009BB691 /* Foundation.framework */; };
		6CAA21F71678A797009BB691 /* CoreGraphics.framework in Frameworks */ = {isa = PBXBuildFile; fileRef = 6CAA21F61678A797009BB691 /* CoreGraphics.framework */; };
		6CAA21F91678A797009BB691 /* GLKit.framework in Frameworks */ = {isa = PBXBuildFile; fileRef = 6CAA21F81678A797009BB691 /* GLKit.framework */; };
		6CAA21FB1678A797009BB691 /* OpenGLES.framework in Frameworks */ = {isa = PBXBuildFile; fileRef = 6CAA21FA1678A797009BB691 /* OpenGLES.framework */; };
		6CAA22011678A797009BB691 /* InfoPlist.strings in Resources */ = {isa = PBXBuildFile; fileRef = 6CAA21FF1678A797009BB691 /* InfoPlist.strings */; };
		6CAA22031678A797009BB691 /* main.m in Sources */ = {isa = PBXBuildFile; fileRef = 6CAA22021678A797009BB691 /* main.m */; };
		6CAA22071678A797009BB691 /* AppDelegate.m in Sources */ = {isa = PBXBuildFile; fileRef = 6CAA22061678A797009BB691 /* AppDelegate.m */; };
		6CAA220F1678A797009BB691 /* Shader.fsh in Resources */ = {isa = PBXBuildFile; fileRef = 6CAA220E1678A797009BB691 /* Shader.fsh */; };
		6CAA22111678A797009BB691 /* Shader.vsh in Resources */ = {isa = PBXBuildFile; fileRef = 6CAA22101678A797009BB691 /* Shader.vsh */; };
		6CAA22141678A797009BB691 /* ViewController.m in Sources */ = {isa = PBXBuildFile; fileRef = 6CAA22131678A797009BB691 /* ViewController.m */; };
/* End PBXBuildFile section */

/* Begin PBXFileReference section */
		6C27386116BE17240064F722 /* HomeViewController.h */ = {isa = PBXFileReference; fileEncoding = 4; lastKnownFileType = sourcecode.c.h; path = HomeViewController.h; sourceTree = "<group>"; };
		6C27386216BE17240064F722 /* HomeViewController.m */ = {isa = PBXFileReference; fileEncoding = 4; lastKnownFileType = sourcecode.c.objc; path = HomeViewController.m; sourceTree = "<group>"; };
		6C27386316BE17240064F722 /* HomeViewController.xib */ = {isa = PBXFileReference; fileEncoding = 4; lastKnownFileType = file.xib; path = HomeViewController.xib; sourceTree = "<group>"; };
		6C27386616BE17A60064F722 /* ConfigSetting.h */ = {isa = PBXFileReference; fileEncoding = 4; lastKnownFileType = sourcecode.c.h; path = ConfigSetting.h; sourceTree = "<group>"; };
		6C27388116BE2ECB0064F722 /* flower.fsh */ = {isa = PBXFileReference; fileEncoding = 4; lastKnownFileType = sourcecode.glsl; path = flower.fsh; sourceTree = "<group>"; };
		6C27388216BE2ECB0064F722 /* julia.fsh */ = {isa = PBXFileReference; fileEncoding = 4; lastKnownFileType = sourcecode.glsl; path = julia.fsh; sourceTree = "<group>"; };
		6C27388316BE2ECB0064F722 /* ray_ball.fsh */ = {isa = PBXFileReference; fileEncoding = 4; lastKnownFileType = sourcecode.glsl; path = ray_ball.fsh; sourceTree = "<group>"; };
		6C27388416BE2ECB0064F722 /* raytrace.fsh */ = {isa = PBXFileReference; fileEncoding = 4; lastKnownFileType = sourcecode.glsl; path = raytrace.fsh; sourceTree = "<group>"; };
		6C27388516BE2ECB0064F722 /* Shader.fsh */ = {isa = PBXFileReference; fileEncoding = 4; lastKnownFileType = sourcecode.glsl; path = Shader.fsh; sourceTree = "<group>"; };
		6C27388616BE2ECB0064F722 /* Shader.vsh */ = {isa = PBXFileReference; fileEncoding = 4; lastKnownFileType = sourcecode.glsl; path = Shader.vsh; sourceTree = "<group>"; };
		6C27388716BE2ECB0064F722 /* simple.fsh */ = {isa = PBXFileReference; fileEncoding = 4; lastKnownFileType = sourcecode.glsl; path = simple.fsh; sourceTree = "<group>"; };
		6C27388816BE2ECB0064F722 /* vision.fsh */ = {isa = PBXFileReference; fileEncoding = 4; lastKnownFileType = sourcecode.glsl; path = vision.fsh; sourceTree = "<group>"; };
		6C27389916BE35B50064F722 /* NSAlert+MKNetworkKitAdditions.h */ = {isa = PBXFileReference; fileEncoding = 4; lastKnownFileType = sourcecode.c.h; path = "NSAlert+MKNetworkKitAdditions.h"; sourceTree = "<group>"; };
		6C27389A16BE35B50064F722 /* NSAlert+MKNetworkKitAdditions.m */ = {isa = PBXFileReference; fileEncoding = 4; lastKnownFileType = sourcecode.c.objc; path = "NSAlert+MKNetworkKitAdditions.m"; sourceTree = "<group>"; };
		6C27389B16BE35B50064F722 /* NSData+MKBase64.h */ = {isa = PBXFileReference; fileEncoding = 4; lastKnownFileType = sourcecode.c.h; path = "NSData+MKBase64.h"; sourceTree = "<group>"; };
		6C27389C16BE35B50064F722 /* NSData+MKBase64.m */ = {isa = PBXFileReference; fileEncoding = 4; lastKnownFileType = sourcecode.c.objc; path = "NSData+MKBase64.m"; sourceTree = "<group>"; };
		6C27389D16BE35B50064F722 /* NSDate+RFC1123.h */ = {isa = PBXFileReference; fileEncoding = 4; lastKnownFileType = sourcecode.c.h; path = "NSDate+RFC1123.h"; sourceTree = "<group>"; };
		6C27389E16BE35B50064F722 /* NSDate+RFC1123.m */ = {isa = PBXFileReference; fileEncoding = 4; lastKnownFileType = sourcecode.c.objc; path = "NSDate+RFC1123.m"; sourceTree = "<group>"; };
		6C27389F16BE35B50064F722 /* NSDictionary+RequestEncoding.h */ = {isa = PBXFileReference; fileEncoding = 4; lastKnownFileType = sourcecode.c.h; path = "NSDictionary+RequestEncoding.h"; sourceTree = "<group>"; };
		6C2738A016BE35B50064F722 /* NSDictionary+RequestEncoding.m */ = {isa = PBXFileReference; fileEncoding = 4; lastKnownFileType = sourcecode.c.objc; path = "NSDictionary+RequestEncoding.m"; sourceTree = "<group>"; };
		6C2738A116BE35B50064F722 /* NSString+MKNetworkKitAdditions.h */ = {isa = PBXFileReference; fileEncoding = 4; lastKnownFileType = sourcecode.c.h; path = "NSString+MKNetworkKitAdditions.h"; sourceTree = "<group>"; };
		6C2738A216BE35B50064F722 /* NSString+MKNetworkKitAdditions.m */ = {isa = PBXFileReference; fileEncoding = 4; lastKnownFileType = sourcecode.c.objc; path = "NSString+MKNetworkKitAdditions.m"; sourceTree = "<group>"; };
		6C2738A316BE35B50064F722 /* UIAlertView+MKNetworkKitAdditions.h */ = {isa = PBXFileReference; fileEncoding = 4; lastKnownFileType = sourcecode.c.h; path = "UIAlertView+MKNetworkKitAdditions.h"; sourceTree = "<group>"; };
		6C2738A416BE35B50064F722 /* UIAlertView+MKNetworkKitAdditions.m */ = {isa = PBXFileReference; fileEncoding = 4; lastKnownFileType = sourcecode.c.objc; path = "UIAlertView+MKNetworkKitAdditions.m"; sourceTree = "<group>"; };
		6C2738A516BE35B50064F722 /* MKNetworkEngine.h */ = {isa = PBXFileReference; fileEncoding = 4; lastKnownFileType = sourcecode.c.h; path = MKNetworkEngine.h; sourceTree = "<group>"; };
		6C2738A616BE35B50064F722 /* MKNetworkEngine.m */ = {isa = PBXFileReference; fileEncoding = 4; lastKnownFileType = sourcecode.c.objc; path = MKNetworkEngine.m; sourceTree = "<group>"; };
		6C2738A716BE35B50064F722 /* MKNetworkKit.h */ = {isa = PBXFileReference; fileEncoding = 4; lastKnownFileType = sourcecode.c.h; path = MKNetworkKit.h; sourceTree = "<group>"; };
		6C2738A816BE35B50064F722 /* MKNetworkOperation.h */ = {isa = PBXFileReference; fileEncoding = 4; lastKnownFileType = sourcecode.c.h; path = MKNetworkOperation.h; sourceTree = "<group>"; };
		6C2738A916BE35B50064F722 /* MKNetworkOperation.m */ = {isa = PBXFileReference; fileEncoding = 4; lastKnownFileType = sourcecode.c.objc; path = MKNetworkOperation.m; sourceTree = "<group>"; };
		6C2738AB16BE35B50064F722 /* Reachability.h */ = {isa = PBXFileReference; fileEncoding = 4; lastKnownFileType = sourcecode.c.h; path = Reachability.h; sourceTree = "<group>"; };
		6C2738AC16BE35B50064F722 /* Reachability.m */ = {isa = PBXFileReference; fileEncoding = 4; lastKnownFileType = sourcecode.c.objc; path = Reachability.m; sourceTree = "<group>"; };
		6C2738B716BE35E90064F722 /* goBackItem.png */ = {isa = PBXFileReference; lastKnownFileType = image.png; path = goBackItem.png; sourceTree = "<group>"; };
		6C2738B816BE35E90064F722 /* goBackItem@2x.png */ = {isa = PBXFileReference; lastKnownFileType = image.png; path = "goBackItem@2x.png"; sourceTree = "<group>"; };
		6C2738B916BE35E90064F722 /* goForwardItem.png */ = {isa = PBXFileReference; lastKnownFileType = image.png; path = goForwardItem.png; sourceTree = "<group>"; };
		6C2738BA16BE35E90064F722 /* goForwardItem@2x.png */ = {isa = PBXFileReference; lastKnownFileType = image.png; path = "goForwardItem@2x.png"; sourceTree = "<group>"; };
		6C2738C016BE360B0064F722 /* MyUtil.h */ = {isa = PBXFileReference; fileEncoding = 4; lastKnownFileType = sourcecode.c.h; path = MyUtil.h; sourceTree = "<group>"; };
		6C2738C116BE360B0064F722 /* MyUtil.m */ = {isa = PBXFileReference; fileEncoding = 4; lastKnownFileType = sourcecode.c.objc; path = MyUtil.m; sourceTree = "<group>"; };
		6C2738C216BE360B0064F722 /* NetDataPost.h */ = {isa = PBXFileReference; fileEncoding = 4; lastKnownFileType = sourcecode.c.h; path = NetDataPost.h; sourceTree = "<group>"; };
		6C2738C316BE360B0064F722 /* NetDataPost.m */ = {isa = PBXFileReference; fileEncoding = 4; lastKnownFileType = sourcecode.c.objc; path = NetDataPost.m; sourceTree = "<group>"; };
		6C2738C716BE36250064F722 /* User.h */ = {isa = PBXFileReference; fileEncoding = 4; lastKnownFileType = sourcecode.c.h; path = User.h; sourceTree = "<group>"; };
		6C2738C816BE36250064F722 /* User.m */ = {isa = PBXFileReference; fileEncoding = 4; lastKnownFileType = sourcecode.c.objc; path = User.m; sourceTree = "<group>"; };
		6C2738CA16BE367F0064F722 /* Security.framework */ = {isa = PBXFileReference; lastKnownFileType = wrapper.framework; name = Security.framework; path = System/Library/Frameworks/Security.framework; sourceTree = SDKROOT; };
		6C2738CD16BE379F0064F722 /* Encryption.h */ = {isa = PBXFileReference; fileEncoding = 4; lastKnownFileType = sourcecode.c.h; path = Encryption.h; sourceTree = "<group>"; };
		6C2738CE16BE379F0064F722 /* Encryption.m */ = {isa = PBXFileReference; fileEncoding = 4; lastKnownFileType = sourcecode.c.objc; path = Encryption.m; sourceTree = "<group>"; };
		6C2738D016BE386B0064F722 /* Default-568h@2x.png */ = {isa = PBXFileReference; lastKnownFileType = image.png; name = "Default-568h@2x.png"; path = "../Default-568h@2x.png"; sourceTree = "<group>"; };
		6C2738D216BE390B0064F722 /* SystemConfiguration.framework */ = {isa = PBXFileReference; lastKnownFileType = wrapper.framework; name = SystemConfiguration.framework; path = System/Library/Frameworks/SystemConfiguration.framework; sourceTree = SDKROOT; };
		6C2738D416BE39250064F722 /* CFNetwork.framework */ = {isa = PBXFileReference; lastKnownFileType = wrapper.framework; name = CFNetwork.framework; path = System/Library/Frameworks/CFNetwork.framework; sourceTree = SDKROOT; };
		6C2738D616BE47F10064F722 /* monjori.fsh */ = {isa = PBXFileReference; fileEncoding = 4; lastKnownFileType = sourcecode.glsl; path = monjori.fsh; sourceTree = "<group>"; };
		6C2738D816BE49C70064F722 /* test.fsh */ = {isa = PBXFileReference; fileEncoding = 4; lastKnownFileType = sourcecode.glsl; path = test.fsh; sourceTree = "<group>"; };
		6C76FB2C16BE7BCB000BD900 /* OpenGLView.m */ = {isa = PBXFileReference; fileEncoding = 4; lastKnownFileType = sourcecode.c.objc; path = OpenGLView.m; sourceTree = "<group>"; };
		6C76FB2D16BE7BCB000BD900 /* OpenGLView.h */ = {isa = PBXFileReference; fileEncoding = 4; lastKnownFileType = sourcecode.c.h; path = OpenGLView.h; sourceTree = "<group>"; };
		6C76FB3016BE86D7000BD900 /* QuartzCore.framework */ = {isa = PBXFileReference; lastKnownFileType = wrapper.framework; name = QuartzCore.framework; path = System/Library/Frameworks/QuartzCore.framework; sourceTree = SDKROOT; };
		6C87EEB416BE96BB0001D341 /* readme.txt */ = {isa = PBXFileReference; fileEncoding = 4; lastKnownFileType = text; path = readme.txt; sourceTree = "<group>"; };
		6C87EEB616BE98100001D341 /* SimpleOpenGLView.h */ = {isa = PBXFileReference; fileEncoding = 4; lastKnownFileType = sourcecode.c.h; path = SimpleOpenGLView.h; sourceTree = "<group>"; };
		6C87EEB716BE98100001D341 /* SimpleOpenGLView.m */ = {isa = PBXFileReference; fileEncoding = 4; lastKnownFileType = sourcecode.c.objc; path = SimpleOpenGLView.m; sourceTree = "<group>"; };
		6CAA21EE1678A797009BB691 /* shadertoy.app */ = {isa = PBXFileReference; explicitFileType = wrapper.application; includeInIndex = 0; path = shadertoy.app; sourceTree = BUILT_PRODUCTS_DIR; };
		6CAA21F21678A797009BB691 /* UIKit.framework */ = {isa = PBXFileReference; lastKnownFileType = wrapper.framework; name = UIKit.framework; path = System/Library/Frameworks/UIKit.framework; sourceTree = SDKROOT; };
		6CAA21F41678A797009BB691 /* Foundation.framework */ = {isa = PBXFileReference; lastKnownFileType = wrapper.framework; name = Foundation.framework; path = System/Library/Frameworks/Foundation.framework; sourceTree = SDKROOT; };
		6CAA21F61678A797009BB691 /* CoreGraphics.framework */ = {isa = PBXFileReference; lastKnownFileType = wrapper.framework; name = CoreGraphics.framework; path = System/Library/Frameworks/CoreGraphics.framework; sourceTree = SDKROOT; };
		6CAA21F81678A797009BB691 /* GLKit.framework */ = {isa = PBXFileReference; lastKnownFileType = wrapper.framework; name = GLKit.framework; path = System/Library/Frameworks/GLKit.framework; sourceTree = SDKROOT; };
		6CAA21FA1678A797009BB691 /* OpenGLES.framework */ = {isa = PBXFileReference; lastKnownFileType = wrapper.framework; name = OpenGLES.framework; path = System/Library/Frameworks/OpenGLES.framework; sourceTree = SDKROOT; };
		6CAA21FE1678A797009BB691 /* shadertoy-Info.plist */ = {isa = PBXFileReference; lastKnownFileType = text.plist.xml; path = "shadertoy-Info.plist"; sourceTree = "<group>"; };
		6CAA22001678A797009BB691 /* en */ = {isa = PBXFileReference; lastKnownFileType = text.plist.strings; name = en; path = en.lproj/InfoPlist.strings; sourceTree = "<group>"; };
		6CAA22021678A797009BB691 /* main.m */ = {isa = PBXFileReference; lastKnownFileType = sourcecode.c.objc; path = main.m; sourceTree = "<group>"; };
		6CAA22041678A797009BB691 /* shadertoy-Prefix.pch */ = {isa = PBXFileReference; lastKnownFileType = sourcecode.c.h; path = "shadertoy-Prefix.pch"; sourceTree = "<group>"; };
		6CAA22051678A797009BB691 /* AppDelegate.h */ = {isa = PBXFileReference; lastKnownFileType = sourcecode.c.h; path = AppDelegate.h; sourceTree = "<group>"; };
		6CAA22061678A797009BB691 /* AppDelegate.m */ = {isa = PBXFileReference; lastKnownFileType = sourcecode.c.objc; path = AppDelegate.m; sourceTree = "<group>"; };
		6CAA220E1678A797009BB691 /* Shader.fsh */ = {isa = PBXFileReference; lastKnownFileType = sourcecode.glsl; name = Shader.fsh; path = Shaders/Shader.fsh; sourceTree = "<group>"; };
		6CAA22101678A797009BB691 /* Shader.vsh */ = {isa = PBXFileReference; lastKnownFileType = sourcecode.glsl; name = Shader.vsh; path = Shaders/Shader.vsh; sourceTree = "<group>"; };
		6CAA22121678A797009BB691 /* ViewController.h */ = {isa = PBXFileReference; lastKnownFileType = sourcecode.c.h; path = ViewController.h; sourceTree = "<group>"; };
		6CAA22131678A797009BB691 /* ViewController.m */ = {isa = PBXFileReference; lastKnownFileType = sourcecode.c.objc; path = ViewController.m; sourceTree = "<group>"; };
		6CAA221B1678A797009BB691 /* SenTestingKit.framework */ = {isa = PBXFileReference; lastKnownFileType = wrapper.framework; name = SenTestingKit.framework; path = Library/Frameworks/SenTestingKit.framework; sourceTree = DEVELOPER_DIR; };
/* End PBXFileReference section */

/* Begin PBXFrameworksBuildPhase section */
		6CAA21EB1678A796009BB691 /* Frameworks */ = {
			isa = PBXFrameworksBuildPhase;
			buildActionMask = 2147483647;
			files = (
				6C76FB3116BE86D7000BD900 /* QuartzCore.framework in Frameworks */,
				6C2738D516BE39250064F722 /* CFNetwork.framework in Frameworks */,
				6C2738D316BE390B0064F722 /* SystemConfiguration.framework in Frameworks */,
				6C2738CB16BE367F0064F722 /* Security.framework in Frameworks */,
				6CAA21F31678A797009BB691 /* UIKit.framework in Frameworks */,
				6CAA21F51678A797009BB691 /* Foundation.framework in Frameworks */,
				6CAA21F71678A797009BB691 /* CoreGraphics.framework in Frameworks */,
				6CAA21F91678A797009BB691 /* GLKit.framework in Frameworks */,
				6CAA21FB1678A797009BB691 /* OpenGLES.framework in Frameworks */,
			);
			runOnlyForDeploymentPostprocessing = 0;
		};
/* End PBXFrameworksBuildPhase section */

/* Begin PBXGroup section */
		6C27388016BE2ECB0064F722 /* Shaders */ = {
			isa = PBXGroup;
			children = (
				6C27388116BE2ECB0064F722 /* flower.fsh */,
				6C27388216BE2ECB0064F722 /* julia.fsh */,
				6C27388316BE2ECB0064F722 /* ray_ball.fsh */,
				6C27388416BE2ECB0064F722 /* raytrace.fsh */,
				6C27388516BE2ECB0064F722 /* Shader.fsh */,
				6C27388616BE2ECB0064F722 /* Shader.vsh */,
				6C27388716BE2ECB0064F722 /* simple.fsh */,
				6C27388816BE2ECB0064F722 /* vision.fsh */,
				6C2738D616BE47F10064F722 /* monjori.fsh */,
				6C2738D816BE49C70064F722 /* test.fsh */,
			);
			path = Shaders;
			sourceTree = "<group>";
		};
		6C27389716BE35B40064F722 /* MKNetworkKit */ = {
			isa = PBXGroup;
			children = (
				6C27389816BE35B50064F722 /* Categories */,
				6C2738A516BE35B50064F722 /* MKNetworkEngine.h */,
				6C2738A616BE35B50064F722 /* MKNetworkEngine.m */,
				6C2738A716BE35B50064F722 /* MKNetworkKit.h */,
				6C2738A816BE35B50064F722 /* MKNetworkOperation.h */,
				6C2738A916BE35B50064F722 /* MKNetworkOperation.m */,
				6C2738AA16BE35B50064F722 /* Reachability */,
			);
			path = MKNetworkKit;
			sourceTree = "<group>";
		};
		6C27389816BE35B50064F722 /* Categories */ = {
			isa = PBXGroup;
			children = (
				6C27389916BE35B50064F722 /* NSAlert+MKNetworkKitAdditions.h */,
				6C27389A16BE35B50064F722 /* NSAlert+MKNetworkKitAdditions.m */,
				6C27389B16BE35B50064F722 /* NSData+MKBase64.h */,
				6C27389C16BE35B50064F722 /* NSData+MKBase64.m */,
				6C27389D16BE35B50064F722 /* NSDate+RFC1123.h */,
				6C27389E16BE35B50064F722 /* NSDate+RFC1123.m */,
				6C27389F16BE35B50064F722 /* NSDictionary+RequestEncoding.h */,
				6C2738A016BE35B50064F722 /* NSDictionary+RequestEncoding.m */,
				6C2738A116BE35B50064F722 /* NSString+MKNetworkKitAdditions.h */,
				6C2738A216BE35B50064F722 /* NSString+MKNetworkKitAdditions.m */,
				6C2738A316BE35B50064F722 /* UIAlertView+MKNetworkKitAdditions.h */,
				6C2738A416BE35B50064F722 /* UIAlertView+MKNetworkKitAdditions.m */,
			);
			path = Categories;
			sourceTree = "<group>";
		};
		6C2738AA16BE35B50064F722 /* Reachability */ = {
			isa = PBXGroup;
			children = (
				6C2738AB16BE35B50064F722 /* Reachability.h */,
				6C2738AC16BE35B50064F722 /* Reachability.m */,
			);
			path = Reachability;
			sourceTree = "<group>";
		};
		6C2738B616BE35E80064F722 /* webview */ = {
			isa = PBXGroup;
			children = (
				6C2738B716BE35E90064F722 /* goBackItem.png */,
				6C2738B816BE35E90064F722 /* goBackItem@2x.png */,
				6C2738B916BE35E90064F722 /* goForwardItem.png */,
				6C2738BA16BE35E90064F722 /* goForwardItem@2x.png */,
			);
			path = webview;
			sourceTree = "<group>";
		};
		6C2738BF16BE360B0064F722 /* util */ = {
			isa = PBXGroup;
			children = (
				6C2738C016BE360B0064F722 /* MyUtil.h */,
				6C2738C116BE360B0064F722 /* MyUtil.m */,
				6C2738C216BE360B0064F722 /* NetDataPost.h */,
				6C2738C316BE360B0064F722 /* NetDataPost.m */,
			);
			path = util;
			sourceTree = "<group>";
		};
		6C2738C616BE36250064F722 /* model */ = {
			isa = PBXGroup;
			children = (
				6C2738C716BE36250064F722 /* User.h */,
				6C2738C816BE36250064F722 /* User.m */,
			);
			path = model;
			sourceTree = "<group>";
		};
		6C2738CC16BE379F0064F722 /* common */ = {
			isa = PBXGroup;
			children = (
				6C2738CD16BE379F0064F722 /* Encryption.h */,
				6C2738CE16BE379F0064F722 /* Encryption.m */,
			);
			path = common;
			sourceTree = "<group>";
		};
		6CAA21E31678A796009BB691 = {
			isa = PBXGroup;
			children = (
				6CAA21FC1678A797009BB691 /* shadertoy */,
				6CAA21F11678A797009BB691 /* Frameworks */,
				6CAA21EF1678A797009BB691 /* Products */,
			);
			sourceTree = "<group>";
		};
		6CAA21EF1678A797009BB691 /* Products */ = {
			isa = PBXGroup;
			children = (
				6CAA21EE1678A797009BB691 /* shadertoy.app */,
			);
			name = Products;
			sourceTree = "<group>";
		};
		6CAA21F11678A797009BB691 /* Frameworks */ = {
			isa = PBXGroup;
			children = (
				6C76FB3016BE86D7000BD900 /* QuartzCore.framework */,
				6C2738D416BE39250064F722 /* CFNetwork.framework */,
				6C2738D216BE390B0064F722 /* SystemConfiguration.framework */,
				6C2738CA16BE367F0064F722 /* Security.framework */,
				6CAA21F21678A797009BB691 /* UIKit.framework */,
				6CAA21F41678A797009BB691 /* Foundation.framework */,
				6CAA21F61678A797009BB691 /* CoreGraphics.framework */,
				6CAA21F81678A797009BB691 /* GLKit.framework */,
				6CAA21FA1678A797009BB691 /* OpenGLES.framework */,
				6CAA221B1678A797009BB691 /* SenTestingKit.framework */,
			);
			name = Frameworks;
			sourceTree = "<group>";
		};
		6CAA21FC1678A797009BB691 /* shadertoy */ = {
			isa = PBXGroup;
			children = (
				6C87EEB416BE96BB0001D341 /* readme.txt */,
				6CAA22051678A797009BB691 /* AppDelegate.h */,
				6CAA22061678A797009BB691 /* AppDelegate.m */,
				6C27386616BE17A60064F722 /* ConfigSetting.h */,
				6CAA220E1678A797009BB691 /* Shader.fsh */,
				6CAA22101678A797009BB691 /* Shader.vsh */,
				6CAA22121678A797009BB691 /* ViewController.h */,
				6CAA22131678A797009BB691 /* ViewController.m */,
				6C76FB2C16BE7BCB000BD900 /* OpenGLView.m */,
				6C76FB2D16BE7BCB000BD900 /* OpenGLView.h */,
				6C87EEB616BE98100001D341 /* SimpleOpenGLView.h */,
				6C87EEB716BE98100001D341 /* SimpleOpenGLView.m */,
				6C27386116BE17240064F722 /* HomeViewController.h */,
				6C27386216BE17240064F722 /* HomeViewController.m */,
				6C27386316BE17240064F722 /* HomeViewController.xib */,
				6C2738BF16BE360B0064F722 /* util */,
				6C2738C616BE36250064F722 /* model */,
				6C2738CC16BE379F0064F722 /* common */,
				6C2738B616BE35E80064F722 /* webview */,
				6C27388016BE2ECB0064F722 /* Shaders */,
				6C27389716BE35B40064F722 /* MKNetworkKit */,
				6CAA21FD1678A797009BB691 /* Supporting Files */,
			);
			path = shadertoy;
			sourceTree = "<group>";
		};
		6CAA21FD1678A797009BB691 /* Supporting Files */ = {
			isa = PBXGroup;
			children = (
				6C2738D016BE386B0064F722 /* Default-568h@2x.png */,
				6CAA21FE1678A797009BB691 /* shadertoy-Info.plist */,
				6CAA21FF1678A797009BB691 /* InfoPlist.strings */,
				6CAA22021678A797009BB691 /* main.m */,
				6CAA22041678A797009BB691 /* shadertoy-Prefix.pch */,
			);
			name = "Supporting Files";
			sourceTree = "<group>";
		};
/* End PBXGroup section */

/* Begin PBXNativeTarget section */
		6CAA21ED1678A796009BB691 /* shadertoy */ = {
			isa = PBXNativeTarget;
			buildConfigurationList = 6CAA222C1678A797009BB691 /* Build configuration list for PBXNativeTarget "shadertoy" */;
			buildPhases = (
				6CAA21EA1678A796009BB691 /* Sources */,
				6CAA21EB1678A796009BB691 /* Frameworks */,
				6CAA21EC1678A796009BB691 /* Resources */,
			);
			buildRules = (
			);
			dependencies = (
			);
			name = shadertoy;
			productName = shadertoy;
			productReference = 6CAA21EE1678A797009BB691 /* shadertoy.app */;
			productType = "com.apple.product-type.application";
		};
/* End PBXNativeTarget section */

/* Begin PBXProject section */
		6CAA21E51678A796009BB691 /* Project object */ = {
			isa = PBXProject;
			attributes = {
				LastUpgradeCheck = 0430;
			};
			buildConfigurationList = 6CAA21E81678A796009BB691 /* Build configuration list for PBXProject "shadertoy" */;
			compatibilityVersion = "Xcode 3.2";
			developmentRegion = English;
			hasScannedForEncodings = 0;
			knownRegions = (
				en,
			);
			mainGroup = 6CAA21E31678A796009BB691;
			productRefGroup = 6CAA21EF1678A797009BB691 /* Products */;
			projectDirPath = "";
			projectRoot = "";
			targets = (
				6CAA21ED1678A796009BB691 /* shadertoy */,
			);
		};
/* End PBXProject section */

/* Begin PBXResourcesBuildPhase section */
		6CAA21EC1678A796009BB691 /* Resources */ = {
			isa = PBXResourcesBuildPhase;
			buildActionMask = 2147483647;
			files = (
				6C2738DA16BE4A5D0064F722 /* monjori.fsh in Resources */,
				6C2738DB16BE4A5D0064F722 /* test.fsh in Resources */,
				6C27389116BE311B0064F722 /* flower.fsh in Resources */,
				6C27389216BE311B0064F722 /* julia.fsh in Resources */,
				6C27389316BE311B0064F722 /* ray_ball.fsh in Resources */,
				6C27389416BE311B0064F722 /* raytrace.fsh in Resources */,
				6CAA220F1678A797009BB691 /* Shader.fsh in Resources */,
				6CAA22111678A797009BB691 /* Shader.vsh in Resources */,
				6C27389516BE311B0064F722 /* simple.fsh in Resources */,
				6C27389616BE311B0064F722 /* vision.fsh in Resources */,
				6CAA22011678A797009BB691 /* InfoPlist.strings in Resources */,
				6C27386516BE17240064F722 /* HomeViewController.xib in Resources */,
				6C2738BB16BE35E90064F722 /* goBackItem.png in Resources */,
				6C2738BC16BE35E90064F722 /* goBackItem@2x.png in Resources */,
				6C2738BD16BE35E90064F722 /* goForwardItem.png in Resources */,
				6C2738BE16BE35E90064F722 /* goForwardItem@2x.png in Resources */,
				6C2738D116BE386C0064F722 /* Default-568h@2x.png in Resources */,
				6C87EEB516BE96BB0001D341 /* readme.txt in Resources */,
			);
			runOnlyForDeploymentPostprocessing = 0;
		};
/* End PBXResourcesBuildPhase section */

/* Begin PBXSourcesBuildPhase section */
		6CAA21EA1678A796009BB691 /* Sources */ = {
			isa = PBXSourcesBuildPhase;
			buildActionMask = 2147483647;
			files = (
				6CAA22031678A797009BB691 /* main.m in Sources */,
				6CAA22071678A797009BB691 /* AppDelegate.m in Sources */,
				6CAA22141678A797009BB691 /* ViewController.m in Sources */,
				6C27386416BE17240064F722 /* HomeViewController.m in Sources */,
				6C2738AD16BE35B50064F722 /* NSAlert+MKNetworkKitAdditions.m in Sources */,
				6C2738AE16BE35B50064F722 /* NSData+MKBase64.m in Sources */,
				6C2738AF16BE35B50064F722 /* NSDate+RFC1123.m in Sources */,
				6C2738B016BE35B50064F722 /* NSDictionary+RequestEncoding.m in Sources */,
				6C2738B116BE35B50064F722 /* NSString+MKNetworkKitAdditions.m in Sources */,
				6C2738B216BE35B50064F722 /* UIAlertView+MKNetworkKitAdditions.m in Sources */,
				6C2738B316BE35B50064F722 /* MKNetworkEngine.m in Sources */,
				6C2738B416BE35B50064F722 /* MKNetworkOperation.m in Sources */,
				6C2738B516BE35B50064F722 /* Reachability.m in Sources */,
				6C2738C416BE360B0064F722 /* MyUtil.m in Sources */,
				6C2738C516BE360B0064F722 /* NetDataPost.m in Sources */,
				6C2738C916BE36250064F722 /* User.m in Sources */,
				6C2738CF16BE379F0064F722 /* Encryption.m in Sources */,
				6C76FB2E16BE7BCB000BD900 /* OpenGLView.m in Sources */,
				6C87EEB816BE98100001D341 /* SimpleOpenGLView.m in Sources */,
			);
			runOnlyForDeploymentPostprocessing = 0;
		};
/* End PBXSourcesBuildPhase section */

/* Begin PBXVariantGroup section */
		6CAA21FF1678A797009BB691 /* InfoPlist.strings */ = {
			isa = PBXVariantGroup;
			children = (
				6CAA22001678A797009BB691 /* en */,
			);
			name = InfoPlist.strings;
			sourceTree = "<group>";
		};
/* End PBXVariantGroup section */

/* Begin XCBuildConfiguration section */
		6CAA222A1678A797009BB691 /* Debug */ = {
			isa = XCBuildConfiguration;
			buildSettings = {
				ALWAYS_SEARCH_USER_PATHS = NO;
				ARCHS = "$(ARCHS_STANDARD_32_BIT)";
				CLANG_ENABLE_OBJC_ARC = YES;
				"CODE_SIGN_IDENTITY[sdk=iphoneos*]" = "iPhone Developer";
				COPY_PHASE_STRIP = NO;
				GCC_C_LANGUAGE_STANDARD = gnu99;
				GCC_DYNAMIC_NO_PIC = NO;
				GCC_OPTIMIZATION_LEVEL = 0;
				GCC_PREPROCESSOR_DEFINITIONS = (
					"DEBUG=1",
					"$(inherited)",
				);
				GCC_SYMBOLS_PRIVATE_EXTERN = NO;
				GCC_VERSION = com.apple.compilers.llvm.clang.1_0;
				GCC_WARN_ABOUT_RETURN_TYPE = YES;
				GCC_WARN_UNINITIALIZED_AUTOS = YES;
				GCC_WARN_UNUSED_VARIABLE = YES;
				IPHONEOS_DEPLOYMENT_TARGET = 5.1;
				SDKROOT = iphoneos;
				TARGETED_DEVICE_FAMILY = "1,2";
			};
			name = Debug;
		};
		6CAA222B1678A797009BB691 /* Release */ = {
			isa = XCBuildConfiguration;
			buildSettings = {
				ALWAYS_SEARCH_USER_PATHS = NO;
				ARCHS = "$(ARCHS_STANDARD_32_BIT)";
				CLANG_ENABLE_OBJC_ARC = YES;
				"CODE_SIGN_IDENTITY[sdk=iphoneos*]" = "iPhone Developer";
				COPY_PHASE_STRIP = YES;
				GCC_C_LANGUAGE_STANDARD = gnu99;
				GCC_VERSION = com.apple.compilers.llvm.clang.1_0;
				GCC_WARN_ABOUT_RETURN_TYPE = YES;
				GCC_WARN_UNINITIALIZED_AUTOS = YES;
				GCC_WARN_UNUSED_VARIABLE = YES;
				IPHONEOS_DEPLOYMENT_TARGET = 5.1;
				OTHER_CFLAGS = "-DNS_BLOCK_ASSERTIONS=1";
				SDKROOT = iphoneos;
				TARGETED_DEVICE_FAMILY = "1,2";
				VALIDATE_PRODUCT = YES;
			};
			name = Release;
		};
		6CAA222D1678A797009BB691 /* Debug */ = {
			isa = XCBuildConfiguration;
			buildSettings = {
				GCC_PRECOMPILE_PREFIX_HEADER = YES;
				GCC_PREFIX_HEADER = "shadertoy/shadertoy-Prefix.pch";
				"GCC_THUMB_SUPPORT[arch=armv6]" = "";
				INFOPLIST_FILE = "shadertoy/shadertoy-Info.plist";
				PRODUCT_NAME = "$(TARGET_NAME)";
				WRAPPER_EXTENSION = app;
			};
			name = Debug;
		};
		6CAA222E1678A797009BB691 /* Release */ = {
			isa = XCBuildConfiguration;
			buildSettings = {
				GCC_PRECOMPILE_PREFIX_HEADER = YES;
				GCC_PREFIX_HEADER = "shadertoy/shadertoy-Prefix.pch";
				"GCC_THUMB_SUPPORT[arch=armv6]" = "";
				INFOPLIST_FILE = "shadertoy/shadertoy-Info.plist";
				PRODUCT_NAME = "$(TARGET_NAME)";
				WRAPPER_EXTENSION = app;
			};
			name = Release;
		};
/* End XCBuildConfiguration section */

/* Begin XCConfigurationList section */
		6CAA21E81678A796009BB691 /* Build configuration list for PBXProject "shadertoy" */ = {
			isa = XCConfigurationList;
			buildConfigurations = (
				6CAA222A1678A797009BB691 /* Debug */,
				6CAA222B1678A797009BB691 /* Release */,
			);
			defaultConfigurationIsVisible = 0;
			defaultConfigurationName = Release;
		};
		6CAA222C1678A797009BB691 /* Build configuration list for PBXNativeTarget "shadertoy" */ = {
			isa = XCConfigurationList;
			buildConfigurations = (
				6CAA222D1678A797009BB691 /* Debug */,
				6CAA222E1678A797009BB691 /* Release */,
			);
			defaultConfigurationIsVisible = 0;
			defaultConfigurationName = Release;
		};
/* End XCConfigurationList section */
	};
	rootObject = 6CAA21E51678A796009BB691 /* Project object */;
}
